
Microsoft Visual Studio Solution File, Format Version 12.00
# Visual Studio Version 17
VisualStudioVersion = 17.6.33829.357
MinimumVisualStudioVersion = 10.0.40219.1
Project("{FAE04EC0-301F-11D3-BF4B-00C04F79EFBC}") = "BasicTaskList.RazorPages", "BasicTaskList.RazorPages\BasicTaskList.RazorPages.csproj", "{148E0B1A-BF1A-4807-8BE0-26ADC94740A6}"
EndProject
Global
	GlobalSection(SolutionConfigurationPlatforms) = preSolution
		Debug|Any CPU = Debug|Any CPU
		Release|Any CPU = Release|Any CPU
	EndGlobalSection
	GlobalSection(ProjectConfigurationPlatforms) = postSolution
		{148E0B1A-BF1A-4807-8BE0-26ADC94740A6}.Debug|Any CPU.ActiveCfg = Debug|Any CPU
		{148E0B1A-BF1A-4807-8BE0-26ADC94740A6}.Debug|Any CPU.Build.0 = Debug|Any CPU
		{148E0B1A-BF1A-4807-8BE0-26ADC94740A6}.Release|Any CPU.ActiveCfg = Release|Any CPU
		{148E0B1A-BF1A-4807-8BE0-26ADC94740A6}.Release|Any CPU.Build.0 = Release|Any CPU
	EndGlobalSection
	GlobalSection(SolutionProperties) = preSolution
		HideSolutionNode = FALSE
	EndGlobalSection
	GlobalSection(ExtensibilityGlobals) = postSolution
		SolutionGuid = {38ACBCAE-A92D-43B3-9DF3-A9B43A849304}
	EndGlobalSection
EndGlobal
